
Microsoft Visual Studio Solution File, Format Version 12.00
# Visual Studio 2015
Project("{FAE04EC0-301F-11D3-BF4B-00C04F79EFBC}") = "game of many lives", "game of many lives.csproj", "{CE9BE10F-9359-8CBF-8C57-484221F50E40}"
EndProject
Global
	GlobalSection(SolutionConfigurationPlatforms) = preSolution
		Debug|Any CPU = Debug|Any CPU
		Release|Any CPU = Release|Any CPU
	EndGlobalSection
	GlobalSection(ProjectConfigurationPlatforms) = postSolution
		{CE9BE10F-9359-8CBF-8C57-484221F50E40}.Debug|Any CPU.ActiveCfg = Debug|Any CPU
		{CE9BE10F-9359-8CBF-8C57-484221F50E40}.Debug|Any CPU.Build.0 = Debug|Any CPU
		{CE9BE10F-9359-8CBF-8C57-484221F50E40}.Release|Any CPU.ActiveCfg = Release|Any CPU
		{CE9BE10F-9359-8CBF-8C57-484221F50E40}.Release|Any CPU.Build.0 = Release|Any CPU
	EndGlobalSection
	GlobalSection(SolutionProperties) = preSolution
		HideSolutionNode = FALSE
	EndGlobalSection
EndGlobal
